
Microsoft Visual Studio Solution File, Format Version 12.00
# Visual Studio 2012
Project("{FAE04EC0-301F-11D3-BF4B-00C04F79EFBC}") = "NeuralNetwork", "NeuralNetwork\NeuralNetwork.csproj", "{A391E056-404A-412C-8817-A851FE9A3714}"
EndProject
Global
	GlobalSection(SolutionConfigurationPlatforms) = preSolution
		Debug|Any CPU = Debug|Any CPU
		Release|Any CPU = Release|Any CPU
	EndGlobalSection
	GlobalSection(ProjectConfigurationPlatforms) = postSolution
		{A391E056-404A-412C-8817-A851FE9A3714}.Debug|Any CPU.ActiveCfg = Debug|Any CPU
		{A391E056-404A-412C-8817-A851FE9A3714}.Debug|Any CPU.Build.0 = Debug|Any CPU
		{A391E056-404A-412C-8817-A851FE9A3714}.Release|Any CPU.ActiveCfg = Release|Any CPU
		{A391E056-404A-412C-8817-A851FE9A3714}.Release|Any CPU.Build.0 = Release|Any CPU
	EndGlobalSection
EndGlobal
